{
    "_readme": [
        "This file locks the dependencies of your project to a known state",
        "Read more about it at https://getcomposer.org/doc/01-basic-usage.md#composer-lock-the-lock-file",
        "This file is @generated automatically"
    ],
    "content-hash": "c51d6513f0f0d47b533d641fdec7a98b",
    "packages": [
        {
            "name": "palepurple/rate-limit",
            "version": "2.0.2",
            "source": {
                "type": "git",
                "url": "https://github.com/DavidGoodwin/RateLimit.git",
                "reference": "1e39caf2038a8eaccafe257b3433973725b7c5bb"
            },
            "dist": {
                "type": "zip",
                "url": "https://api.github.com/repos/DavidGoodwin/RateLimit/zipball/1e39caf2038a8eaccafe257b3433973725b7c5bb",
                "reference": "1e39caf2038a8eaccafe257b3433973725b7c5bb",
                "shasum": ""
            },
            "require": {
                "php": ">=5.6"
            },
            "require-dev": {
                "friendsofphp/php-cs-fixer": "^2.7",
                "jakub-onderka/php-parallel-lint": "^1.0",
                "php": ">7.0",
                "phpunit/phpunit": "^6.0",
                "predis/predis": "^1.1",
                "psr/cache": "^1.0",
                "tedivm/stash": "^0.14",
                "vimeo/psalm": "*"
            },
            "suggest": {
                "ext-apc": "^4.0",
                "ext-apcu": "^4.0",
                "ext-redis": "^2.2",
                "predis/predis": "^1.1",
                "tedivm/stash": "^0.14"
            },
            "type": "library",
            "autoload": {
                "psr-4": {
                    "PalePurple\\RateLimit\\": "src/"
                }
            },
            "notification-url": "https://packagist.org/downloads/",
            "license": [
                "MIT"
            ],
            "authors": [
                {
                    "name": "David Goodwin",
                    "email": "david@palepurple.co.uk"
                }
            ],
            "description": "PHP rate limiting library with Token Bucket Algorithm, originally touhonoob/rate-limit",
            "time": "2019-03-27T19:55:24+00:00"
        }
    ],
    "packages-dev": [],
    "aliases": [],
    "minimum-stability": "stable",
    "stability-flags": [],
    "prefer-stable": false,
    "prefer-lowest": false,
    "platform": [],
    "platform-dev": []
}
